// !$*UTF8*$!
{
	archiveVersion = 1;
	classes = {
	};
	objectVersion = 46;
	objects = {

/* Begin PBXBuildFile section */
		6BB6025CCFD1A59A7FC298F1 /* libPods.a in Frameworks */ = {isa = PBXBuildFile; fileRef = 266D621380E5296950633432 /* libPods.a */; };
		7FEF3CC51BE5E86B005D8168 /* main.m in Sources */ = {isa = PBXBuildFile; fileRef = 7FEF3CC41BE5E86B005D8168 /* main.m */; };
		7FEF3CC81BE5E86B005D8168 /* AppDelegate.m in Sources */ = {isa = PBXBuildFile; fileRef = 7FEF3CC71BE5E86B005D8168 /* AppDelegate.m */; };
		7FEF3CCB1BE5E86B005D8168 /* ViewController.m in Sources */ = {isa = PBXBuildFile; fileRef = 7FEF3CCA1BE5E86B005D8168 /* ViewController.m */; };
		7FEF3CCE1BE5E86B005D8168 /* Main.storyboard in Resources */ = {isa = PBXBuildFile; fileRef = 7FEF3CCC1BE5E86B005D8168 /* Main.storyboard */; };
		7FEF3CD01BE5E86B005D8168 /* Assets.xcassets in Resources */ = {isa = PBXBuildFile; fileRef = 7FEF3CCF1BE5E86B005D8168 /* Assets.xcassets */; };
		7FEF3CD31BE5E86B005D8168 /* LaunchScreen.storyboard in Resources */ = {isa = PBXBuildFile; fileRef = 7FEF3CD11BE5E86B005D8168 /* LaunchScreen.storyboard */; };
		7FEF3CDE1BE5E86B005D8168 /* CampusMapTests.m in Sources */ = {isa = PBXBuildFile; fileRef = 7FEF3CDD1BE5E86B005D8168 /* CampusMapTests.m */; };
		7FEF3CE91BE5E86B005D8168 /* CampusMapUITests.m in Sources */ = {isa = PBXBuildFile; fileRef = 7FEF3CE81BE5E86B005D8168 /* CampusMapUITests.m */; };
		7FEF3CF71BE87E28005D8168 /* Podfile in Resources */ = {isa = PBXBuildFile; fileRef = 7FEF3CF61BE87E28005D8168 /* Podfile */; };
/* End PBXBuildFile section */

/* Begin PBXContainerItemProxy section */
		7FEF3CDA1BE5E86B005D8168 /* PBXContainerItemProxy */ = {
			isa = PBXContainerItemProxy;
			containerPortal = 7FEF3CB81BE5E86B005D8168 /* Project object */;
			proxyType = 1;
			remoteGlobalIDString = 7FEF3CBF1BE5E86B005D8168;
			remoteInfo = CampusMap;
		};
		7FEF3CE51BE5E86B005D8168 /* PBXContainerItemProxy */ = {
			isa = PBXContainerItemProxy;
			containerPortal = 7FEF3CB81BE5E86B005D8168 /* Project object */;
			proxyType = 1;
			remoteGlobalIDString = 7FEF3CBF1BE5E86B005D8168;
			remoteInfo = CampusMap;
		};
/* End PBXContainerItemProxy section */

/* Begin PBXFileReference section */
		266D621380E5296950633432 /* libPods.a */ = {isa = PBXFileReference; explicitFileType = archive.ar; includeInIndex = 0; path = libPods.a; sourceTree = BUILT_PRODUCTS_DIR; };
		57CCD1212F67C58F5C76BBEC /* Pods.debug.xcconfig */ = {isa = PBXFileReference; includeInIndex = 1; lastKnownFileType = text.xcconfig; name = Pods.debug.xcconfig; path = "Pods/Target Support Files/Pods/Pods.debug.xcconfig"; sourceTree = "<group>"; };
		7EB69F93CAD97A92490E55FB /* Pods.release.xcconfig */ = {isa = PBXFileReference; includeInIndex = 1; lastKnownFileType = text.xcconfig; name = Pods.release.xcconfig; path = "Pods/Target Support Files/Pods/Pods.release.xcconfig"; sourceTree = "<group>"; };
		7FEF3CC01BE5E86B005D8168 /* CampusMap.app */ = {isa = PBXFileReference; explicitFileType = wrapper.application; includeInIndex = 0; path = CampusMap.app; sourceTree = BUILT_PRODUCTS_DIR; };
		7FEF3CC41BE5E86B005D8168 /* main.m */ = {isa = PBXFileReference; lastKnownFileType = sourcecode.c.objc; path = main.m; sourceTree = "<group>"; };
		7FEF3CC61BE5E86B005D8168 /* AppDelegate.h */ = {isa = PBXFileReference; lastKnownFileType = sourcecode.c.h; path = AppDelegate.h; sourceTree = "<group>"; };
		7FEF3CC71BE5E86B005D8168 /* AppDelegate.m */ = {isa = PBXFileReference; lastKnownFileType = sourcecode.c.objc; path = AppDelegate.m; sourceTree = "<group>"; };
		7FEF3CC91BE5E86B005D8168 /* ViewController.h */ = {isa = PBXFileReference; lastKnownFileType = sourcecode.c.h; path = ViewController.h; sourceTree = "<group>"; };
		7FEF3CCA1BE5E86B005D8168 /* ViewController.m */ = {isa = PBXFileReference; lastKnownFileType = sourcecode.c.objc; path = ViewController.m; sourceTree = "<group>"; };
		7FEF3CCD1BE5E86B005D8168 /* Base */ = {isa = PBXFileReference; lastKnownFileType = file.storyboard; name = Base; path = Base.lproj/Main.storyboard; sourceTree = "<group>"; };
		7FEF3CCF1BE5E86B005D8168 /* Assets.xcassets */ = {isa = PBXFileReference; lastKnownFileType = folder.assetcatalog; path = Assets.xcassets; sourceTree = "<group>"; };
		7FEF3CD21BE5E86B005D8168 /* Base */ = {isa = PBXFileReference; lastKnownFileType = file.storyboard; name = Base; path = Base.lproj/LaunchScreen.storyboard; sourceTree = "<group>"; };
		7FEF3CD41BE5E86B005D8168 /* Info.plist */ = {isa = PBXFileReference; lastKnownFileType = text.plist.xml; path = Info.plist; sourceTree = "<group>"; };
		7FEF3CD91BE5E86B005D8168 /* CampusMapTests.xctest */ = {isa = PBXFileReference; explicitFileType = wrapper.cfbundle; includeInIndex = 0; path = CampusMapTests.xctest; sourceTree = BUILT_PRODUCTS_DIR; };
		7FEF3CDD1BE5E86B005D8168 /* CampusMapTests.m */ = {isa = PBXFileReference; lastKnownFileType = sourcecode.c.objc; path = CampusMapTests.m; sourceTree = "<group>"; };
		7FEF3CDF1BE5E86B005D8168 /* Info.plist */ = {isa = PBXFileReference; lastKnownFileType = text.plist.xml; path = Info.plist; sourceTree = "<group>"; };
		7FEF3CE41BE5E86B005D8168 /* CampusMapUITests.xctest */ = {isa = PBXFileReference; explicitFileType = wrapper.cfbundle; includeInIndex = 0; path = CampusMapUITests.xctest; sourceTree = BUILT_PRODUCTS_DIR; };
		7FEF3CE81BE5E86B005D8168 /* CampusMapUITests.m */ = {isa = PBXFileReference; lastKnownFileType = sourcecode.c.objc; path = CampusMapUITests.m; sourceTree = "<group>"; };
		7FEF3CEA1BE5E86B005D8168 /* Info.plist */ = {isa = PBXFileReference; lastKnownFileType = text.plist.xml; path = Info.plist; sourceTree = "<group>"; };
		7FEF3CF61BE87E28005D8168 /* Podfile */ = {isa = PBXFileReference; fileEncoding = 4; lastKnownFileType = text; path = Podfile; sourceTree = "<group>"; };
/* End PBXFileReference section */

/* Begin PBXFrameworksBuildPhase section */
		7FEF3CBD1BE5E86B005D8168 /* Frameworks */ = {
			isa = PBXFrameworksBuildPhase;
			buildActionMask = 2147483647;
			files = (
				6BB6025CCFD1A59A7FC298F1 /* libPods.a in Frameworks */,
			);
			runOnlyForDeploymentPostprocessing = 0;
		};
		7FEF3CD61BE5E86B005D8168 /* Frameworks */ = {
			isa = PBXFrameworksBuildPhase;
			buildActionMask = 2147483647;
			files = (
			);
			runOnlyForDeploymentPostprocessing = 0;
		};
		7FEF3CE11BE5E86B005D8168 /* Frameworks */ = {
			isa = PBXFrameworksBuildPhase;
			buildActionMask = 2147483647;
			files = (
			);
			runOnlyForDeploymentPostprocessing = 0;
		};
/* End PBXFrameworksBuildPhase section */

/* Begin PBXGroup section */
		4B090EECF7671D3B2DF44922 /* Frameworks */ = {
			isa = PBXGroup;
			children = (
				266D621380E5296950633432 /* libPods.a */,
			);
			name = Frameworks;
			sourceTree = "<group>";
		};
		7FEF3CB71BE5E86B005D8168 = {
			isa = PBXGroup;
			children = (
				7FEF3CF61BE87E28005D8168 /* Podfile */,
				7FEF3CC21BE5E86B005D8168 /* CampusMap */,
				7FEF3CDC1BE5E86B005D8168 /* CampusMapTests */,
				7FEF3CE71BE5E86B005D8168 /* CampusMapUITests */,
				7FEF3CC11BE5E86B005D8168 /* Products */,
				E90465F7AF8CA8A3425EAB72 /* Pods */,
				4B090EECF7671D3B2DF44922 /* Frameworks */,
			);
			sourceTree = "<group>";
		};
		7FEF3CC11BE5E86B005D8168 /* Products */ = {
			isa = PBXGroup;
			children = (
				7FEF3CC01BE5E86B005D8168 /* CampusMap.app */,
				7FEF3CD91BE5E86B005D8168 /* CampusMapTests.xctest */,
				7FEF3CE41BE5E86B005D8168 /* CampusMapUITests.xctest */,
			);
			name = Products;
			sourceTree = "<group>";
		};
		7FEF3CC21BE5E86B005D8168 /* CampusMap */ = {
			isa = PBXGroup;
			children = (
				7FEF3CC61BE5E86B005D8168 /* AppDelegate.h */,
				7FEF3CC71BE5E86B005D8168 /* AppDelegate.m */,
				7FEF3CC91BE5E86B005D8168 /* ViewController.h */,
				7FEF3CCA1BE5E86B005D8168 /* ViewController.m */,
				7FEF3CCC1BE5E86B005D8168 /* Main.storyboard */,
				7FEF3CCF1BE5E86B005D8168 /* Assets.xcassets */,
				7FEF3CD11BE5E86B005D8168 /* LaunchScreen.storyboard */,
				7FEF3CD41BE5E86B005D8168 /* Info.plist */,
				7FEF3CC31BE5E86B005D8168 /* Supporting Files */,
			);
			path = CampusMap;
			sourceTree = "<group>";
		};
		7FEF3CC31BE5E86B005D8168 /* Supporting Files */ = {
			isa = PBXGroup;
			children = (
				7FEF3CC41BE5E86B005D8168 /* main.m */,
			);
			name = "Supporting Files";
			sourceTree = "<group>";
		};
		7FEF3CDC1BE5E86B005D8168 /* CampusMapTests */ = {
			isa = PBXGroup;
			children = (
				7FEF3CDD1BE5E86B005D8168 /* CampusMapTests.m */,
				7FEF3CDF1BE5E86B005D8168 /* Info.plist */,
			);
			path = CampusMapTests;
			sourceTree = "<group>";
		};
		7FEF3CE71BE5E86B005D8168 /* CampusMapUITests */ = {
			isa = PBXGroup;
			children = (
				7FEF3CE81BE5E86B005D8168 /* CampusMapUITests.m */,
				7FEF3CEA1BE5E86B005D8168 /* Info.plist */,
			);
			path = CampusMapUITests;
			sourceTree = "<group>";
		};
		E90465F7AF8CA8A3425EAB72 /* Pods */ = {
			isa = PBXGroup;
			children = (
				57CCD1212F67C58F5C76BBEC /* Pods.debug.xcconfig */,
				7EB69F93CAD97A92490E55FB /* Pods.release.xcconfig */,
			);
			name = Pods;
			sourceTree = "<group>";
		};
/* End PBXGroup section */

/* Begin PBXNativeTarget section */
		7FEF3CBF1BE5E86B005D8168 /* CampusMap */ = {
			isa = PBXNativeTarget;
			buildConfigurationList = 7FEF3CED1BE5E86B005D8168 /* Build configuration list for PBXNativeTarget "CampusMap" */;
			buildPhases = (
				24DA4A0EC097ACD824A38329 /* Check Pods Manifest.lock */,
				7FEF3CBC1BE5E86B005D8168 /* Sources */,
				7FEF3CBD1BE5E86B005D8168 /* Frameworks */,
				7FEF3CBE1BE5E86B005D8168 /* Resources */,
				0D53E564111F1DA5337AF034 /* Embed Pods Frameworks */,
				299D25307FEA93466ABC685D /* Copy Pods Resources */,
			);
			buildRules = (
			);
			dependencies = (
			);
			name = CampusMap;
			productName = CampusMap;
			productReference = 7FEF3CC01BE5E86B005D8168 /* CampusMap.app */;
			productType = "com.apple.product-type.application";
		};
		7FEF3CD81BE5E86B005D8168 /* CampusMapTests */ = {
			isa = PBXNativeTarget;
			buildConfigurationList = 7FEF3CF01BE5E86B005D8168 /* Build configuration list for PBXNativeTarget "CampusMapTests" */;
			buildPhases = (
				7FEF3CD51BE5E86B005D8168 /* Sources */,
				7FEF3CD61BE5E86B005D8168 /* Frameworks */,
				7FEF3CD71BE5E86B005D8168 /* Resources */,
			);
			buildRules = (
			);
			dependencies = (
				7FEF3CDB1BE5E86B005D8168 /* PBXTargetDependency */,
			);
			name = CampusMapTests;
			productName = CampusMapTests;
			productReference = 7FEF3CD91BE5E86B005D8168 /* CampusMapTests.xctest */;
			productType = "com.apple.product-type.bundle.unit-test";
		};
		7FEF3CE31BE5E86B005D8168 /* CampusMapUITests */ = {
			isa = PBXNativeTarget;
			buildConfigurationList = 7FEF3CF31BE5E86B005D8168 /* Build configuration list for PBXNativeTarget "CampusMapUITests" */;
			buildPhases = (
				7FEF3CE01BE5E86B005D8168 /* Sources */,
				7FEF3CE11BE5E86B005D8168 /* Frameworks */,
				7FEF3CE21BE5E86B005D8168 /* Resources */,
			);
			buildRules = (
			);
			dependencies = (
				7FEF3CE61BE5E86B005D8168 /* PBXTargetDependency */,
			);
			name = CampusMapUITests;
			productName = CampusMapUITests;
			productReference = 7FEF3CE41BE5E86B005D8168 /* CampusMapUITests.xctest */;
			productType = "com.apple.product-type.bundle.ui-testing";
		};
/* End PBXNativeTarget section */

/* Begin PBXProject section */
		7FEF3CB81BE5E86B005D8168 /* Project object */ = {
			isa = PBXProject;
			attributes = {
				LastUpgradeCheck = 0710;
				ORGANIZATIONNAME = "Dan Su";
				TargetAttributes = {
					7FEF3CBF1BE5E86B005D8168 = {
						CreatedOnToolsVersion = 7.1;
						DevelopmentTeam = AF42C85HGN;
					};
					7FEF3CD81BE5E86B005D8168 = {
						CreatedOnToolsVersion = 7.1;
						DevelopmentTeam = AF42C85HGN;
						TestTargetID = 7FEF3CBF1BE5E86B005D8168;
					};
					7FEF3CE31BE5E86B005D8168 = {
						CreatedOnToolsVersion = 7.1;
						DevelopmentTeam = AF42C85HGN;
						TestTargetID = 7FEF3CBF1BE5E86B005D8168;
					};
				};
			};
			buildConfigurationList = 7FEF3CBB1BE5E86B005D8168 /* Build configuration list for PBXProject "CampusMap" */;
			compatibilityVersion = "Xcode 3.2";
			developmentRegion = English;
			hasScannedForEncodings = 0;
			knownRegions = (
				en,
				Base,
			);
			mainGroup = 7FEF3CB71BE5E86B005D8168;
			productRefGroup = 7FEF3CC11BE5E86B005D8168 /* Products */;
			projectDirPath = "";
			projectRoot = "";
			targets = (
				7FEF3CBF1BE5E86B005D8168 /* CampusMap */,
				7FEF3CD81BE5E86B005D8168 /* CampusMapTests */,
				7FEF3CE31BE5E86B005D8168 /* CampusMapUITests */,
			);
		};
/* End PBXProject section */

/* Begin PBXResourcesBuildPhase section */
		7FEF3CBE1BE5E86B005D8168 /* Resources */ = {
			isa = PBXResourcesBuildPhase;
			buildActionMask = 2147483647;
			files = (
				7FEF3CD31BE5E86B005D8168 /* LaunchScreen.storyboard in Resources */,
				7FEF3CD01BE5E86B005D8168 /* Assets.xcassets in Resources */,
				7FEF3CF71BE87E28005D8168 /* Podfile in Resources */,
				7FEF3CCE1BE5E86B005D8168 /* Main.storyboard in Resources */,
			);
			runOnlyForDeploymentPostprocessing = 0;
		};
		7FEF3CD71BE5E86B005D8168 /* Resources */ = {
			isa = PBXResourcesBuildPhase;
			buildActionMask = 2147483647;
			files = (
			);
			runOnlyForDeploymentPostprocessing = 0;
		};
		7FEF3CE21BE5E86B005D8168 /* Resources */ = {
			isa = PBXResourcesBuildPhase;
			buildActionMask = 2147483647;
			files = (
			);
			runOnlyForDeploymentPostprocessing = 0;
		};
/* End PBXResourcesBuildPhase section */

/* Begin PBXShellScriptBuildPhase section */
		0D53E564111F1DA5337AF034 /* Embed Pods Frameworks */ = {
			isa = PBXShellScriptBuildPhase;
			buildActionMask = 2147483647;
			files = (
			);
			inputPaths = (
			);
			name = "Embed Pods Frameworks";
			outputPaths = (
			);
			runOnlyForDeploymentPostprocessing = 0;
			shellPath = /bin/sh;
			shellScript = "\"${SRCROOT}/Pods/Target Support Files/Pods/Pods-frameworks.sh\"\n";
			showEnvVarsInLog = 0;
		};
		24DA4A0EC097ACD824A38329 /* Check Pods Manifest.lock */ = {
			isa = PBXShellScriptBuildPhase;
			buildActionMask = 2147483647;
			files = (
			);
			inputPaths = (
			);
			name = "Check Pods Manifest.lock";
			outputPaths = (
			);
			runOnlyForDeploymentPostprocessing = 0;
			shellPath = /bin/sh;
			shellScript = "diff \"${PODS_ROOT}/../Podfile.lock\" \"${PODS_ROOT}/Manifest.lock\" > /dev/null\nif [[ $? != 0 ]] ; then\n    cat << EOM\nerror: The sandbox is not in sync with the Podfile.lock. Run 'pod install' or update your CocoaPods installation.\nEOM\n    exit 1\nfi\n";
			showEnvVarsInLog = 0;
		};
		299D25307FEA93466ABC685D /* Copy Pods Resources */ = {
			isa = PBXShellScriptBuildPhase;
			buildActionMask = 2147483647;
			files = (
			);
			inputPaths = (
			);
			name = "Copy Pods Resources";
			outputPaths = (
			);
			runOnlyForDeploymentPostprocessing = 0;
			shellPath = /bin/sh;
			shellScript = "\"${SRCROOT}/Pods/Target Support Files/Pods/Pods-resources.sh\"\n";
			showEnvVarsInLog = 0;
		};
/* End PBXShellScriptBuildPhase section */

/* Begin PBXSourcesBuildPhase section */
		7FEF3CBC1BE5E86B005D8168 /* Sources */ = {
			isa = PBXSourcesBuildPhase;
			buildActionMask = 2147483647;
			files = (
				7FEF3CCB1BE5E86B005D8168 /* ViewController.m in Sources */,
				7FEF3CC81BE5E86B005D8168 /* AppDelegate.m in Sources */,
				7FEF3CC51BE5E86B005D8168 /* main.m in Sources */,
			);
			runOnlyForDeploymentPostprocessing = 0;
		};
		7FEF3CD51BE5E86B005D8168 /* Sources */ = {
			isa = PBXSourcesBuildPhase;
			buildActionMask = 2147483647;
			files = (
				7FEF3CDE1BE5E86B005D8168 /* CampusMapTests.m in Sources */,
			);
			runOnlyForDeploymentPostprocessing = 0;
		};
		7FEF3CE01BE5E86B005D8168 /* Sources */ = {
			isa = PBXSourcesBuildPhase;
			buildActionMask = 2147483647;
			files = (
				7FEF3CE91BE5E86B005D8168 /* CampusMapUITests.m in Sources */,
			);
			runOnlyForDeploymentPostprocessing = 0;
		};
/* End PBXSourcesBuildPhase section */

/* Begin PBXTargetDependency section */
		7FEF3CDB1BE5E86B005D8168 /* PBXTargetDependency */ = {
			isa = PBXTargetDependency;
			target = 7FEF3CBF1BE5E86B005D8168 /* CampusMap */;
			targetProxy = 7FEF3CDA1BE5E86B005D8168 /* PBXContainerItemProxy */;
		};
		7FEF3CE61BE5E86B005D8168 /* PBXTargetDependency */ = {
			isa = PBXTargetDependency;
			target = 7FEF3CBF1BE5E86B005D8168 /* CampusMap */;
			targetProxy = 7FEF3CE51BE5E86B005D8168 /* PBXContainerItemProxy */;
		};
/* End PBXTargetDependency section */

/* Begin PBXVariantGroup section */
		7FEF3CCC1BE5E86B005D8168 /* Main.storyboard */ = {
			isa = PBXVariantGroup;
			children = (
				7FEF3CCD1BE5E86B005D8168 /* Base */,
			);
			name = Main.storyboard;
			sourceTree = "<group>";
		};
		7FEF3CD11BE5E86B005D8168 /* LaunchScreen.storyboard */ = {
			isa = PBXVariantGroup;
			children = (
				7FEF3CD21BE5E86B005D8168 /* Base */,
			);
			name = LaunchScreen.storyboard;
			sourceTree = "<group>";
		};
/* End PBXVariantGroup section */

/* Begin XCBuildConfiguration section */
		7FEF3CEB1BE5E86B005D8168 /* Debug */ = {
			isa = XCBuildConfiguration;
			buildSettings = {
				ALWAYS_SEARCH_USER_PATHS = NO;
				CLANG_CXX_LANGUAGE_STANDARD = "gnu++0x";
				CLANG_CXX_LIBRARY = "libc++";
				CLANG_ENABLE_MODULES = YES;
				CLANG_ENABLE_OBJC_ARC = YES;
				CLANG_WARN_BOOL_CONVERSION = YES;
				CLANG_WARN_CONSTANT_CONVERSION = YES;
				CLANG_WARN_DIRECT_OBJC_ISA_USAGE = YES_ERROR;
				CLANG_WARN_EMPTY_BODY = YES;
				CLANG_WARN_ENUM_CONVERSION = YES;
				CLANG_WARN_INT_CONVERSION = YES;
				CLANG_WARN_OBJC_ROOT_CLASS = YES_ERROR;
				CLANG_WARN_UNREACHABLE_CODE = YES;
				CLANG_WARN__DUPLICATE_METHOD_MATCH = YES;
				"CODE_SIGN_IDENTITY[sdk=iphoneos*]" = "iPhone Developer";
				COPY_PHASE_STRIP = NO;
				DEBUG_INFORMATION_FORMAT = dwarf;
				ENABLE_STRICT_OBJC_MSGSEND = YES;
				ENABLE_TESTABILITY = YES;
				GCC_C_LANGUAGE_STANDARD = gnu99;
				GCC_DYNAMIC_NO_PIC = NO;
				GCC_NO_COMMON_BLOCKS = YES;
				GCC_OPTIMIZATION_LEVEL = 0;
				GCC_PREPROCESSOR_DEFINITIONS = (
					"DEBUG=1",
					"$(inherited)",
				);
				GCC_WARN_64_TO_32_BIT_CONVERSION = YES;
				GCC_WARN_ABOUT_RETURN_TYPE = YES_ERROR;
				GCC_WARN_UNDECLARED_SELECTOR = YES;
				GCC_WARN_UNINITIALIZED_AUTOS = YES_AGGRESSIVE;
				GCC_WARN_UNUSED_FUNCTION = YES;
				GCC_WARN_UNUSED_VARIABLE = YES;
				IPHONEOS_DEPLOYMENT_TARGET = 9.1;
				MTL_ENABLE_DEBUG_INFO = YES;
				ONLY_ACTIVE_ARCH = YES;
				SDKROOT = iphoneos;
			};
			name = Debug;
		};
		7FEF3CEC1BE5E86B005D8168 /* Release */ = {
			isa = XCBuildConfiguration;
			buildSettings = {
				ALWAYS_SEARCH_USER_PATHS = NO;
				CLANG_CXX_LANGUAGE_STANDARD = "gnu++0x";
				CLANG_CXX_LIBRARY = "libc++";
				CLANG_ENABLE_MODULES = YES;
				CLANG_ENABLE_OBJC_ARC = YES;
				CLANG_WARN_BOOL_CONVERSION = YES;
				CLANG_WARN_CONSTANT_CONVERSION = YES;
				CLANG_WARN_DIRECT_OBJC_ISA_USAGE = YES_ERROR;
				CLANG_WARN_EMPTY_BODY = YES;
				CLANG_WARN_ENUM_CONVERSION = YES;
				CLANG_WARN_INT_CONVERSION = YES;
				CLANG_WARN_OBJC_ROOT_CLASS = YES_ERROR;
				CLANG_WARN_UNREACHABLE_CODE = YES;
				CLANG_WARN__DUPLICATE_METHOD_MATCH = YES;
				"CODE_SIGN_IDENTITY[sdk=iphoneos*]" = "iPhone Developer";
				COPY_PHASE_STRIP = NO;
				DEBUG_INFORMATION_FORMAT = "dwarf-with-dsym";
				ENABLE_NS_ASSERTIONS = NO;
				ENABLE_STRICT_OBJC_MSGSEND = YES;
				GCC_C_LANGUAGE_STANDARD = gnu99;
				GCC_NO_COMMON_BLOCKS = YES;
				GCC_WARN_64_TO_32_BIT_CONVERSION = YES;
				GCC_WARN_ABOUT_RETURN_TYPE = YES_ERROR;
				GCC_WARN_UNDECLARED_SELECTOR = YES;
				GCC_WARN_UNINITIALIZED_AUTOS = YES_AGGRESSIVE;
				GCC_WARN_UNUSED_FUNCTION = YES;
				GCC_WARN_UNUSED_VARIABLE = YES;
				IPHONEOS_DEPLOYMENT_TARGET = 9.1;
				MTL_ENABLE_DEBUG_INFO = NO;
				SDKROOT = iphoneos;
				VALIDATE_PRODUCT = YES;
			};
			name = Release;
		};
		7FEF3CEE1BE5E86B005D8168 /* Debug */ = {
			isa = XCBuildConfiguration;
			baseConfigurationReference = 57CCD1212F67C58F5C76BBEC /* Pods.debug.xcconfig */;
			buildSettings = {
				ASSETCATALOG_COMPILER_APPICON_NAME = AppIcon;
				INFOPLIST_FILE = CampusMap/Info.plist;
				LD_RUNPATH_SEARCH_PATHS = "$(inherited) @executable_path/Frameworks";
				PRODUCT_BUNDLE_IDENTIFIER = sudan.CampusMap;
				PRODUCT_NAME = "$(TARGET_NAME)";
			};
			name = Debug;
		};
		7FEF3CEF1BE5E86B005D8168 /* Release */ = {
			isa = XCBuildConfiguration;
			baseConfigurationReference = 7EB69F93CAD97A92490E55FB /* Pods.release.xcconfig */;
			buildSettings = {
				ASSETCATALOG_COMPILER_APPICON_NAME = AppIcon;
				INFOPLIST_FILE = CampusMap/Info.plist;
				LD_RUNPATH_SEARCH_PATHS = "$(inherited) @executable_path/Frameworks";
				PRODUCT_BUNDLE_IDENTIFIER = sudan.CampusMap;
				PRODUCT_NAME = "$(TARGET_NAME)";
			};
			name = Release;
		};
		7FEF3CF11BE5E86B005D8168 /* Debug */ = {
			isa = XCBuildConfiguration;
			buildSettings = {
				BUNDLE_LOADER = "$(TEST_HOST)";
				INFOPLIST_FILE = CampusMapTests/Info.plist;
				LD_RUNPATH_SEARCH_PATHS = "$(inherited) @executable_path/Frameworks @loader_path/Frameworks";
				PRODUCT_BUNDLE_IDENTIFIER = sudan.CampusMapTests;
				PRODUCT_NAME = "$(TARGET_NAME)";
				TEST_HOST = "$(BUILT_PRODUCTS_DIR)/CampusMap.app/CampusMap";
			};
			name = Debug;
		};
		7FEF3CF21BE5E86B005D8168 /* Release */ = {
			isa = XCBuildConfiguration;
			buildSettings = {
				BUNDLE_LOADER = "$(TEST_HOST)";
				INFOPLIST_FILE = CampusMapTests/Info.plist;
				LD_RUNPATH_SEARCH_PATHS = "$(inherited) @executable_path/Frameworks @loader_path/Frameworks";
				PRODUCT_BUNDLE_IDENTIFIER = sudan.CampusMapTests;
				PRODUCT_NAME = "$(TARGET_NAME)";
				TEST_HOST = "$(BUILT_PRODUCTS_DIR)/CampusMap.app/CampusMap";
			};
			name = Release;
		};
		7FEF3CF41BE5E86B005D8168 /* Debug */ = {
			isa = XCBuildConfiguration;
			buildSettings = {
				INFOPLIST_FILE = CampusMapUITests/Info.plist;
				LD_RUNPATH_SEARCH_PATHS = "$(inherited) @executable_path/Frameworks @loader_path/Frameworks";
				PRODUCT_BUNDLE_IDENTIFIER = sudan.CampusMapUITests;
				PRODUCT_NAME = "$(TARGET_NAME)";
				TEST_TARGET_NAME = CampusMap;
				USES_XCTRUNNER = YES;
			};
			name = Debug;
		};
		7FEF3CF51BE5E86B005D8168 /* Release */ = {
			isa = XCBuildConfiguration;
			buildSettings = {
				INFOPLIST_FILE = CampusMapUITests/Info.plist;
				LD_RUNPATH_SEARCH_PATHS = "$(inherited) @executable_path/Frameworks @loader_path/Frameworks";
				PRODUCT_BUNDLE_IDENTIFIER = sudan.CampusMapUITests;
				PRODUCT_NAME = "$(TARGET_NAME)";
				TEST_TARGET_NAME = CampusMap;
				USES_XCTRUNNER = YES;
			};
			name = Release;
		};
/* End XCBuildConfiguration section */

/* Begin XCConfigurationList section */
		7FEF3CBB1BE5E86B005D8168 /* Build configuration list for PBXProject "CampusMap" */ = {
			isa = XCConfigurationList;
			buildConfigurations = (
				7FEF3CEB1BE5E86B005D8168 /* Debug */,
				7FEF3CEC1BE5E86B005D8168 /* Release */,
			);
			defaultConfigurationIsVisible = 0;
			defaultConfigurationName = Release;
		};
		7FEF3CED1BE5E86B005D8168 /* Build configuration list for PBXNativeTarget "CampusMap" */ = {
			isa = XCConfigurationList;
			buildConfigurations = (
				7FEF3CEE1BE5E86B005D8168 /* Debug */,
				7FEF3CEF1BE5E86B005D8168 /* Release */,
			);
			defaultConfigurationIsVisible = 0;
			defaultConfigurationName = Release;
		};
		7FEF3CF01BE5E86B005D8168 /* Build configuration list for PBXNativeTarget "CampusMapTests" */ = {
			isa = XCConfigurationList;
			buildConfigurations = (
				7FEF3CF11BE5E86B005D8168 /* Debug */,
				7FEF3CF21BE5E86B005D8168 /* Release */,
			);
			defaultConfigurationIsVisible = 0;
			defaultConfigurationName = Release;
		};
		7FEF3CF31BE5E86B005D8168 /* Build configuration list for PBXNativeTarget "CampusMapUITests" */ = {
			isa = XCConfigurationList;
			buildConfigurations = (
				7FEF3CF41BE5E86B005D8168 /* Debug */,
				7FEF3CF51BE5E86B005D8168 /* Release */,
			);
			defaultConfigurationIsVisible = 0;
			defaultConfigurationName = Release;
		};
/* End XCConfigurationList section */
	};
	rootObject = 7FEF3CB81BE5E86B005D8168 /* Project object */;
}
